
Microsoft Visual Studio Solution File, Format Version 12.00
# Visual Studio Version 17
VisualStudioVersion = 17.3.32929.385
MinimumVisualStudioVersion = 10.0.40219.1
Project("{FAE04EC0-301F-11D3-BF4B-00C04F79EFBC}") = "Net7.LineBot.Fab26", "Net7.LineBot.Fab26\Net7.LineBot.Fab26.csproj", "{540F24B4-25E5-49FD-B1ED-CB24C6B1FAEA}"
EndProject
Global
	GlobalSection(SolutionConfigurationPlatforms) = preSolution
		Debug|Any CPU = Debug|Any CPU
		Release|Any CPU = Release|Any CPU
	EndGlobalSection
	GlobalSection(ProjectConfigurationPlatforms) = postSolution
		{540F24B4-25E5-49FD-B1ED-CB24C6B1FAEA}.Debug|Any CPU.ActiveCfg = Debug|Any CPU
		{540F24B4-25E5-49FD-B1ED-CB24C6B1FAEA}.Debug|Any CPU.Build.0 = Debug|Any CPU
		{540F24B4-25E5-49FD-B1ED-CB24C6B1FAEA}.Release|Any CPU.ActiveCfg = Release|Any CPU
		{540F24B4-25E5-49FD-B1ED-CB24C6B1FAEA}.Release|Any CPU.Build.0 = Release|Any CPU
	EndGlobalSection
	GlobalSection(SolutionProperties) = preSolution
		HideSolutionNode = FALSE
	EndGlobalSection
	GlobalSection(ExtensibilityGlobals) = postSolution
		SolutionGuid = {954A9BBB-B242-4728-8420-F47577A6C02B}
	EndGlobalSection
EndGlobal
